
Microsoft Visual Studio Solution File, Format Version 12.00
# Visual Studio Version 17
VisualStudioVersion = 17.0.31903.59
MinimumVisualStudioVersion = 10.0.40219.1
Project("{FAE04EC0-301F-11D3-BF4B-00C04F79EFBC}") = "EventDrivenArchitecture.Consumer", "Consumer\EventDrivenArchitecture.Consumer\EventDrivenArchitecture.Consumer.csproj", "{01B9F32E-89A3-4095-A642-7610D3BBE48F}"
EndProject
Project("{FAE04EC0-301F-11D3-BF4B-00C04F79EFBC}") = "EventDrivenArchitecture.Inventory", "Inventory\EventDrivenArchitecture.Inventory\EventDrivenArchitecture.Inventory.csproj", "{54FC1AD2-10A0-4191-8663-08E95BD2629C}"
EndProject
Global
	GlobalSection(SolutionConfigurationPlatforms) = preSolution
		Debug|Any CPU = Debug|Any CPU
		Release|Any CPU = Release|Any CPU
	EndGlobalSection
	GlobalSection(ProjectConfigurationPlatforms) = postSolution
		{01B9F32E-89A3-4095-A642-7610D3BBE48F}.Debug|Any CPU.ActiveCfg = Debug|Any CPU
		{01B9F32E-89A3-4095-A642-7610D3BBE48F}.Debug|Any CPU.Build.0 = Debug|Any CPU
		{01B9F32E-89A3-4095-A642-7610D3BBE48F}.Release|Any CPU.ActiveCfg = Release|Any CPU
		{01B9F32E-89A3-4095-A642-7610D3BBE48F}.Release|Any CPU.Build.0 = Release|Any CPU
		{54FC1AD2-10A0-4191-8663-08E95BD2629C}.Debug|Any CPU.ActiveCfg = Debug|Any CPU
		{54FC1AD2-10A0-4191-8663-08E95BD2629C}.Debug|Any CPU.Build.0 = Debug|Any CPU
		{54FC1AD2-10A0-4191-8663-08E95BD2629C}.Release|Any CPU.ActiveCfg = Release|Any CPU
		{54FC1AD2-10A0-4191-8663-08E95BD2629C}.Release|Any CPU.Build.0 = Release|Any CPU
	EndGlobalSection
	GlobalSection(SolutionProperties) = preSolution
		HideSolutionNode = FALSE
	EndGlobalSection
EndGlobal
